# This file is autogenerated, do not edit; changes may be undone by the next 'dep ensure'.


[[projects]]
  digest = "1:7c51a593e7593dbbaec61e209bdd04095995362834e4399aaa5a9227c25bb403"
  name = "github.com/avast/retry-go"
  packages = ["."]
  pruneopts = "UT"
  revision = "101acd3290b786bf437607d874596e3996484d8d"
  version = "v2.4.1"

[solve-meta]
  analyzer-name = "dep"
  analyzer-version = 1
  input-imports = ["github.com/avast/retry-go"]
  solver-name = "gps-cdcl"
  solver-version = 1
